{
  "nodes": {
    "hermes-agent": {
      "flake": false,
      "locked": {
        "lastModified": 1788819404,
        "narHash": "sha256-2NuDx7rjsoBDO4I/iMoZsJ+5IaAbiNrDc+sFuzOe08w=",
        "owner": "NousResearch",
        "repo": "hermes-agent",
        "rev": "2237be355906fbe6065ce1815711eee52b2d646e",
        "type": "github"
      },
      "original": {
        "owner": "NousResearch",
        "ref": "v2026.9.7",
        "repo": "hermes-agent",
        "type": "github"
      }
    },
    "nixpkgs": {
      "locked": {
        "lastModified": 1788404924,
        "narHash": "sha256-lhEhY8X5EgkQ/eg6IFz4cc8jRuSYSvnxx1al7d1dvZ0=",
        "owner": "NixOS",
        "repo": "nixpkgs",
        "rev": "0968519e14f7aa7d3e9b389682bd74d2b51c8ce8",
        "type": "github"
      },
      "original": {
        "owner": "NixOS",
        "ref": "nixos-unstable",
        "repo": "nixpkgs",
        "type": "github"
      }
    },
    "npm-lockfile-fix": {
      "inputs": {
        "nixpkgs": [
          "nixpkgs"
        ]
      },
      "locked": {
        "lastModified": 1775903712,
        "narHash": "sha256-2GV79U6iVH4gKAPWYrxUReB0S41ty/Y3dBLquU8AlaA=",
        "owner": "jeslie0",
        "repo": "npm-lockfile-fix",
        "rev": "c6093acb0c0548e0f9b8b3d82918823721930fe8",
        "type": "github"
      },
      "original": {
        "owner": "jeslie0",
        "repo": "npm-lockfile-fix",
        "type": "github"
      }
    },
    "root": {
      "inputs": {
        "hermes-agent": "hermes-agent",
        "nixpkgs": "nixpkgs",
        "npm-lockfile-fix": "npm-lockfile-fix"
      }
    }
  },
  "root": "root",
  "version": 7
}
